
Microsoft Visual Studio Solution File, Format Version 12.00
Project("{FAE04EC0-301F-11D3-BF4B-00C04F79EFBC}") = "DopamineXP", "DopamineXP\DopamineXP.csproj", "{A07443FC-7B41-45D4-B189-938434DAF3AA}"
EndProject
Global
	GlobalSection(SolutionConfigurationPlatforms) = preSolution
		Debug|Any CPU = Debug|Any CPU
		Release|Any CPU = Release|Any CPU
	EndGlobalSection
	GlobalSection(ProjectConfigurationPlatforms) = postSolution
		{A07443FC-7B41-45D4-B189-938434DAF3AA}.Debug|Any CPU.ActiveCfg = Debug|Any CPU
		{A07443FC-7B41-45D4-B189-938434DAF3AA}.Debug|Any CPU.Build.0 = Debug|Any CPU
		{A07443FC-7B41-45D4-B189-938434DAF3AA}.Release|Any CPU.ActiveCfg = Release|Any CPU
		{A07443FC-7B41-45D4-B189-938434DAF3AA}.Release|Any CPU.Build.0 = Release|Any CPU
	EndGlobalSection
EndGlobal
